
Microsoft Visual Studio Solution File, Format Version 12.00
# Visual Studio Version 17
VisualStudioVersion = 17.14.36109.1
MinimumVisualStudioVersion = 10.0.40219.1
Project("{FAE04EC0-301F-11D3-BF4B-00C04F79EFBC}") = "WeatherApi", "WeatherApi\WeatherApi.csproj", "{F369E7B7-A26E-4890-BD1D-A9DF2964B52C}"
EndProject
Project("{FAE04EC0-301F-11D3-BF4B-00C04F79EFBC}") = "WeatherApi.Tests", "WeatherApi.Tests\WeatherApi.Tests.csproj", "{D4A06871-9527-4C0B-BDA8-99BBC9A837D6}"
EndProject
Global
	GlobalSection(SolutionConfigurationPlatforms) = preSolution
		Debug|Any CPU = Debug|Any CPU
		Debug|x64 = Debug|x64
		Debug|x86 = Debug|x86
		Release|Any CPU = Release|Any CPU
		Release|x64 = Release|x64
		Release|x86 = Release|x86
	EndGlobalSection
	GlobalSection(ProjectConfigurationPlatforms) = postSolution
		{F369E7B7-A26E-4890-BD1D-A9DF2964B52C}.Debug|Any CPU.ActiveCfg = Debug|Any CPU
		{F369E7B7-A26E-4890-BD1D-A9DF2964B52C}.Debug|Any CPU.Build.0 = Debug|Any CPU
		{F369E7B7-A26E-4890-BD1D-A9DF2964B52C}.Debug|x64.ActiveCfg = Debug|Any CPU
		{F369E7B7-A26E-4890-BD1D-A9DF2964B52C}.Debug|x64.Build.0 = Debug|Any CPU
		{F369E7B7-A26E-4890-BD1D-A9DF2964B52C}.Debug|x86.ActiveCfg = Debug|Any CPU
		{F369E7B7-A26E-4890-BD1D-A9DF2964B52C}.Debug|x86.Build.0 = Debug|Any CPU
		{F369E7B7-A26E-4890-BD1D-A9DF2964B52C}.Release|Any CPU.ActiveCfg = Release|Any CPU
		{F369E7B7-A26E-4890-BD1D-A9DF2964B52C}.Release|Any CPU.Build.0 = Release|Any CPU
		{F369E7B7-A26E-4890-BD1D-A9DF2964B52C}.Release|x64.ActiveCfg = Release|Any CPU
		{F369E7B7-A26E-4890-BD1D-A9DF2964B52C}.Release|x64.Build.0 = Release|Any CPU
		{F369E7B7-A26E-4890-BD1D-A9DF2964B52C}.Release|x86.ActiveCfg = Release|Any CPU
		{F369E7B7-A26E-4890-BD1D-A9DF2964B52C}.Release|x86.Build.0 = Release|Any CPU
		{D4A06871-9527-4C0B-BDA8-99BBC9A837D6}.Debug|Any CPU.ActiveCfg = Debug|Any CPU
		{D4A06871-9527-4C0B-BDA8-99BBC9A837D6}.Debug|Any CPU.Build.0 = Debug|Any CPU
		{D4A06871-9527-4C0B-BDA8-99BBC9A837D6}.Debug|x64.ActiveCfg = Debug|Any CPU
		{D4A06871-9527-4C0B-BDA8-99BBC9A837D6}.Debug|x64.Build.0 = Debug|Any CPU
		{D4A06871-9527-4C0B-BDA8-99BBC9A837D6}.Debug|x86.ActiveCfg = Debug|Any CPU
		{D4A06871-9527-4C0B-BDA8-99BBC9A837D6}.Debug|x86.Build.0 = Debug|Any CPU
		{D4A06871-9527-4C0B-BDA8-99BBC9A837D6}.Release|Any CPU.ActiveCfg = Release|Any CPU
		{D4A06871-9527-4C0B-BDA8-99BBC9A837D6}.Release|Any CPU.Build.0 = Release|Any CPU
		{D4A06871-9527-4C0B-BDA8-99BBC9A837D6}.Release|x64.ActiveCfg = Release|Any CPU
		{D4A06871-9527-4C0B-BDA8-99BBC9A837D6}.Release|x64.Build.0 = Release|Any CPU
		{D4A06871-9527-4C0B-BDA8-99BBC9A837D6}.Release|x86.ActiveCfg = Release|Any CPU
		{D4A06871-9527-4C0B-BDA8-99BBC9A837D6}.Release|x86.Build.0 = Release|Any CPU
	EndGlobalSection
	GlobalSection(SolutionProperties) = preSolution
		HideSolutionNode = FALSE
	EndGlobalSection
	GlobalSection(ExtensibilityGlobals) = postSolution
		SolutionGuid = {5B05A15B-662E-4C55-B308-4FF42190FF38}
	EndGlobalSection
EndGlobal
